
Microsoft Visual Studio Solution File, Format Version 12.00
# Visual Studio 15
Project("{FAE04EC0-301F-11D3-BF4B-00C04F79EFBC}") = "Assembly-CSharp", "Assembly-CSharp.csproj", "{A67B3D49-5AA0-B6A3-869C-2495A9FCCF47}"
EndProject
Project("{FAE04EC0-301F-11D3-BF4B-00C04F79EFBC}") = "Oculus.VR", "Oculus.VR.csproj", "{A47678FB-FFEE-BE3F-BAC0-BFC9C03BBBAD}"
EndProject
Project("{FAE04EC0-301F-11D3-BF4B-00C04F79EFBC}") = "Assembly-CSharp-Editor", "Assembly-CSharp-Editor.csproj", "{DA36B08D-624B-9804-B092-75BEDCB05887}"
EndProject
Project("{FAE04EC0-301F-11D3-BF4B-00C04F79EFBC}") = "Oculus.VR.Scripts.Editor", "Oculus.VR.Scripts.Editor.csproj", "{D3EAB245-1BD8-C67A-0945-57434539F0D1}"
EndProject
Project("{FAE04EC0-301F-11D3-BF4B-00C04F79EFBC}") = "Oculus.VR.Editor", "Oculus.VR.Editor.csproj", "{C4C6AC60-D0A9-3BDD-B7A4-512F015E0C8D}"
EndProject
Global
	GlobalSection(SolutionConfigurationPlatforms) = preSolution
		Debug|Any CPU = Debug|Any CPU
		Release|Any CPU = Release|Any CPU
	EndGlobalSection
	GlobalSection(ProjectConfigurationPlatforms) = postSolution
		{A67B3D49-5AA0-B6A3-869C-2495A9FCCF47}.Debug|Any CPU.ActiveCfg = Debug|Any CPU
		{A67B3D49-5AA0-B6A3-869C-2495A9FCCF47}.Debug|Any CPU.Build.0 = Debug|Any CPU
		{A67B3D49-5AA0-B6A3-869C-2495A9FCCF47}.Release|Any CPU.ActiveCfg = Release|Any CPU
		{A67B3D49-5AA0-B6A3-869C-2495A9FCCF47}.Release|Any CPU.Build.0 = Release|Any CPU
		{A47678FB-FFEE-BE3F-BAC0-BFC9C03BBBAD}.Debug|Any CPU.ActiveCfg = Debug|Any CPU
		{A47678FB-FFEE-BE3F-BAC0-BFC9C03BBBAD}.Debug|Any CPU.Build.0 = Debug|Any CPU
		{A47678FB-FFEE-BE3F-BAC0-BFC9C03BBBAD}.Release|Any CPU.ActiveCfg = Release|Any CPU
		{A47678FB-FFEE-BE3F-BAC0-BFC9C03BBBAD}.Release|Any CPU.Build.0 = Release|Any CPU
		{DA36B08D-624B-9804-B092-75BEDCB05887}.Debug|Any CPU.ActiveCfg = Debug|Any CPU
		{DA36B08D-624B-9804-B092-75BEDCB05887}.Debug|Any CPU.Build.0 = Debug|Any CPU
		{DA36B08D-624B-9804-B092-75BEDCB05887}.Release|Any CPU.ActiveCfg = Release|Any CPU
		{DA36B08D-624B-9804-B092-75BEDCB05887}.Release|Any CPU.Build.0 = Release|Any CPU
		{D3EAB245-1BD8-C67A-0945-57434539F0D1}.Debug|Any CPU.ActiveCfg = Debug|Any CPU
		{D3EAB245-1BD8-C67A-0945-57434539F0D1}.Debug|Any CPU.Build.0 = Debug|Any CPU
		{D3EAB245-1BD8-C67A-0945-57434539F0D1}.Release|Any CPU.ActiveCfg = Release|Any CPU
		{D3EAB245-1BD8-C67A-0945-57434539F0D1}.Release|Any CPU.Build.0 = Release|Any CPU
		{C4C6AC60-D0A9-3BDD-B7A4-512F015E0C8D}.Debug|Any CPU.ActiveCfg = Debug|Any CPU
		{C4C6AC60-D0A9-3BDD-B7A4-512F015E0C8D}.Debug|Any CPU.Build.0 = Debug|Any CPU
		{C4C6AC60-D0A9-3BDD-B7A4-512F015E0C8D}.Release|Any CPU.ActiveCfg = Release|Any CPU
		{C4C6AC60-D0A9-3BDD-B7A4-512F015E0C8D}.Release|Any CPU.Build.0 = Release|Any CPU
	EndGlobalSection
	GlobalSection(SolutionProperties) = preSolution
		HideSolutionNode = FALSE
	EndGlobalSection
EndGlobal
